
Microsoft Visual Studio Solution File, Format Version 12.00
# Visual Studio Version 16
VisualStudioVersion = 16.0.31729.503
MinimumVisualStudioVersion = 10.0.40219.1
Project("{FAE04EC0-301F-11D3-BF4B-00C04F79EFBC}") = "DeberS2MiguelPino9noB.Android", "DeberS2MiguelPino9noB.Android\DeberS2MiguelPino9noB.Android.csproj", "{9B02339D-416D-4E6D-9102-82152927B31B}"
EndProject
Project("{FAE04EC0-301F-11D3-BF4B-00C04F79EFBC}") = "DeberS2MiguelPino9noB.iOS", "DeberS2MiguelPino9noB.iOS\DeberS2MiguelPino9noB.iOS.csproj", "{658BEF2B-837E-48C4-8ED2-32F09185DC55}"
EndProject
Project("{FAE04EC0-301F-11D3-BF4B-00C04F79EFBC}") = "DeberS2MiguelPino9noB", "DeberS2MiguelPino9noB\DeberS2MiguelPino9noB.csproj", "{C273393D-7C55-4492-9BCC-59B2DCFB213B}"
EndProject
Global
	GlobalSection(SolutionConfigurationPlatforms) = preSolution
		Debug|Any CPU = Debug|Any CPU
		Debug|iPhone = Debug|iPhone
		Debug|iPhoneSimulator = Debug|iPhoneSimulator
		Release|Any CPU = Release|Any CPU
		Release|iPhone = Release|iPhone
		Release|iPhoneSimulator = Release|iPhoneSimulator
	EndGlobalSection
	GlobalSection(ProjectConfigurationPlatforms) = postSolution
		{9B02339D-416D-4E6D-9102-82152927B31B}.Debug|Any CPU.ActiveCfg = Debug|Any CPU
		{9B02339D-416D-4E6D-9102-82152927B31B}.Debug|Any CPU.Build.0 = Debug|Any CPU
		{9B02339D-416D-4E6D-9102-82152927B31B}.Debug|Any CPU.Deploy.0 = Debug|Any CPU
		{9B02339D-416D-4E6D-9102-82152927B31B}.Debug|iPhone.ActiveCfg = Debug|Any CPU
		{9B02339D-416D-4E6D-9102-82152927B31B}.Debug|iPhone.Build.0 = Debug|Any CPU
		{9B02339D-416D-4E6D-9102-82152927B31B}.Debug|iPhone.Deploy.0 = Debug|Any CPU
		{9B02339D-416D-4E6D-9102-82152927B31B}.Debug|iPhoneSimulator.ActiveCfg = Debug|Any CPU
		{9B02339D-416D-4E6D-9102-82152927B31B}.Debug|iPhoneSimulator.Build.0 = Debug|Any CPU
		{9B02339D-416D-4E6D-9102-82152927B31B}.Debug|iPhoneSimulator.Deploy.0 = Debug|Any CPU
		{9B02339D-416D-4E6D-9102-82152927B31B}.Release|Any CPU.ActiveCfg = Release|Any CPU
		{9B02339D-416D-4E6D-9102-82152927B31B}.Release|Any CPU.Build.0 = Release|Any CPU
		{9B02339D-416D-4E6D-9102-82152927B31B}.Release|Any CPU.Deploy.0 = Release|Any CPU
		{9B02339D-416D-4E6D-9102-82152927B31B}.Release|iPhone.ActiveCfg = Release|Any CPU
		{9B02339D-416D-4E6D-9102-82152927B31B}.Release|iPhone.Build.0 = Release|Any CPU
		{9B02339D-416D-4E6D-9102-82152927B31B}.Release|iPhone.Deploy.0 = Release|Any CPU
		{9B02339D-416D-4E6D-9102-82152927B31B}.Release|iPhoneSimulator.ActiveCfg = Release|Any CPU
		{9B02339D-416D-4E6D-9102-82152927B31B}.Release|iPhoneSimulator.Build.0 = Release|Any CPU
		{9B02339D-416D-4E6D-9102-82152927B31B}.Release|iPhoneSimulator.Deploy.0 = Release|Any CPU
		{658BEF2B-837E-48C4-8ED2-32F09185DC55}.Debug|Any CPU.ActiveCfg = Debug|iPhone
		{658BEF2B-837E-48C4-8ED2-32F09185DC55}.Debug|Any CPU.Build.0 = Debug|iPhone
		{658BEF2B-837E-48C4-8ED2-32F09185DC55}.Debug|Any CPU.Deploy.0 = Debug|iPhone
		{658BEF2B-837E-48C4-8ED2-32F09185DC55}.Debug|iPhone.ActiveCfg = Debug|iPhone
		{658BEF2B-837E-48C4-8ED2-32F09185DC55}.Debug|iPhone.Build.0 = Debug|iPhone
		{658BEF2B-837E-48C4-8ED2-32F09185DC55}.Debug|iPhone.Deploy.0 = Debug|iPhone
		{658BEF2B-837E-48C4-8ED2-32F09185DC55}.Debug|iPhoneSimulator.ActiveCfg = Debug|iPhoneSimulator
		{658BEF2B-837E-48C4-8ED2-32F09185DC55}.Debug|iPhoneSimulator.Build.0 = Debug|iPhoneSimulator
		{658BEF2B-837E-48C4-8ED2-32F09185DC55}.Debug|iPhoneSimulator.Deploy.0 = Debug|iPhoneSimulator
		{658BEF2B-837E-48C4-8ED2-32F09185DC55}.Release|Any CPU.ActiveCfg = Release|iPhoneSimulator
		{658BEF2B-837E-48C4-8ED2-32F09185DC55}.Release|Any CPU.Build.0 = Release|iPhoneSimulator
		{658BEF2B-837E-48C4-8ED2-32F09185DC55}.Release|Any CPU.Deploy.0 = Release|iPhoneSimulator
		{658BEF2B-837E-48C4-8ED2-32F09185DC55}.Release|iPhone.ActiveCfg = Release|iPhone
		{658BEF2B-837E-48C4-8ED2-32F09185DC55}.Release|iPhone.Build.0 = Release|iPhone
		{658BEF2B-837E-48C4-8ED2-32F09185DC55}.Release|iPhone.Deploy.0 = Release|iPhone
		{658BEF2B-837E-48C4-8ED2-32F09185DC55}.Release|iPhoneSimulator.ActiveCfg = Release|iPhoneSimulator
		{658BEF2B-837E-48C4-8ED2-32F09185DC55}.Release|iPhoneSimulator.Build.0 = Release|iPhoneSimulator
		{658BEF2B-837E-48C4-8ED2-32F09185DC55}.Release|iPhoneSimulator.Deploy.0 = Release|iPhoneSimulator
		{C273393D-7C55-4492-9BCC-59B2DCFB213B}.Debug|Any CPU.ActiveCfg = Debug|Any CPU
		{C273393D-7C55-4492-9BCC-59B2DCFB213B}.Debug|Any CPU.Build.0 = Debug|Any CPU
		{C273393D-7C55-4492-9BCC-59B2DCFB213B}.Debug|Any CPU.Deploy.0 = Debug|Any CPU
		{C273393D-7C55-4492-9BCC-59B2DCFB213B}.Debug|iPhone.ActiveCfg = Debug|Any CPU
		{C273393D-7C55-4492-9BCC-59B2DCFB213B}.Debug|iPhone.Build.0 = Debug|Any CPU
		{C273393D-7C55-4492-9BCC-59B2DCFB213B}.Debug|iPhone.Deploy.0 = Debug|Any CPU
		{C273393D-7C55-4492-9BCC-59B2DCFB213B}.Debug|iPhoneSimulator.ActiveCfg = Debug|Any CPU
		{C273393D-7C55-4492-9BCC-59B2DCFB213B}.Debug|iPhoneSimulator.Build.0 = Debug|Any CPU
		{C273393D-7C55-4492-9BCC-59B2DCFB213B}.Debug|iPhoneSimulator.Deploy.0 = Debug|Any CPU
		{C273393D-7C55-4492-9BCC-59B2DCFB213B}.Release|Any CPU.ActiveCfg = Release|Any CPU
		{C273393D-7C55-4492-9BCC-59B2DCFB213B}.Release|Any CPU.Build.0 = Release|Any CPU
		{C273393D-7C55-4492-9BCC-59B2DCFB213B}.Release|Any CPU.Deploy.0 = Release|Any CPU
		{C273393D-7C55-4492-9BCC-59B2DCFB213B}.Release|iPhone.ActiveCfg = Release|Any CPU
		{C273393D-7C55-4492-9BCC-59B2DCFB213B}.Release|iPhone.Build.0 = Release|Any CPU
		{C273393D-7C55-4492-9BCC-59B2DCFB213B}.Release|iPhone.Deploy.0 = Release|Any CPU
		{C273393D-7C55-4492-9BCC-59B2DCFB213B}.Release|iPhoneSimulator.ActiveCfg = Release|Any CPU
		{C273393D-7C55-4492-9BCC-59B2DCFB213B}.Release|iPhoneSimulator.Build.0 = Release|Any CPU
		{C273393D-7C55-4492-9BCC-59B2DCFB213B}.Release|iPhoneSimulator.Deploy.0 = Release|Any CPU
	EndGlobalSection
	GlobalSection(SolutionProperties) = preSolution
		HideSolutionNode = FALSE
	EndGlobalSection
	GlobalSection(ExtensibilityGlobals) = postSolution
		SolutionGuid = {FF0D4664-A0E3-466C-89C3-FDA81267D6CA}
	EndGlobalSection
EndGlobal
